
Microsoft Visual Studio Solution File, Format Version 12.00
# Visual Studio 15
VisualStudioVersion = 15.0.27703.2035
MinimumVisualStudioVersion = 10.0.40219.1
Project("{FAE04EC0-301F-11D3-BF4B-00C04F79EFBC}") = "Quartz.Net", "Quartz.Net\Quartz.Net.csproj", "{74A6472E-AD5D-4808-AD2F-3899E6BB6026}"
EndProject
Project("{2150E333-8FDC-42A3-9474-1A3956D46DE8}") = "算法", "算法", "{FDFA2BEF-482F-4A2A-8DCD-A5628EB48C8A}"
EndProject
Project("{FAE04EC0-301F-11D3-BF4B-00C04F79EFBC}") = "Code", "Code\Code.csproj", "{1DDB4344-F7E2-4040-90D9-1CB69D2A0FBC}"
EndProject
Project("{FAE04EC0-301F-11D3-BF4B-00C04F79EFBC}") = "TopShelf", "TopShelf\TopShelf.csproj", "{E7ED7193-58AE-483E-97D2-E69C32D18065}"
EndProject
Global
	GlobalSection(SolutionConfigurationPlatforms) = preSolution
		Debug|Any CPU = Debug|Any CPU
		Release|Any CPU = Release|Any CPU
	EndGlobalSection
	GlobalSection(ProjectConfigurationPlatforms) = postSolution
		{74A6472E-AD5D-4808-AD2F-3899E6BB6026}.Debug|Any CPU.ActiveCfg = Debug|Any CPU
		{74A6472E-AD5D-4808-AD2F-3899E6BB6026}.Debug|Any CPU.Build.0 = Debug|Any CPU
		{74A6472E-AD5D-4808-AD2F-3899E6BB6026}.Release|Any CPU.ActiveCfg = Release|Any CPU
		{74A6472E-AD5D-4808-AD2F-3899E6BB6026}.Release|Any CPU.Build.0 = Release|Any CPU
		{1DDB4344-F7E2-4040-90D9-1CB69D2A0FBC}.Debug|Any CPU.ActiveCfg = Debug|Any CPU
		{1DDB4344-F7E2-4040-90D9-1CB69D2A0FBC}.Debug|Any CPU.Build.0 = Debug|Any CPU
		{1DDB4344-F7E2-4040-90D9-1CB69D2A0FBC}.Release|Any CPU.ActiveCfg = Release|Any CPU
		{1DDB4344-F7E2-4040-90D9-1CB69D2A0FBC}.Release|Any CPU.Build.0 = Release|Any CPU
		{E7ED7193-58AE-483E-97D2-E69C32D18065}.Debug|Any CPU.ActiveCfg = Debug|Any CPU
		{E7ED7193-58AE-483E-97D2-E69C32D18065}.Debug|Any CPU.Build.0 = Debug|Any CPU
		{E7ED7193-58AE-483E-97D2-E69C32D18065}.Release|Any CPU.ActiveCfg = Release|Any CPU
		{E7ED7193-58AE-483E-97D2-E69C32D18065}.Release|Any CPU.Build.0 = Release|Any CPU
	EndGlobalSection
	GlobalSection(SolutionProperties) = preSolution
		HideSolutionNode = FALSE
	EndGlobalSection
	GlobalSection(NestedProjects) = preSolution
		{1DDB4344-F7E2-4040-90D9-1CB69D2A0FBC} = {FDFA2BEF-482F-4A2A-8DCD-A5628EB48C8A}
	EndGlobalSection
	GlobalSection(ExtensibilityGlobals) = postSolution
		SolutionGuid = {E40DE67C-F2EA-48A2-81F5-414833509837}
	EndGlobalSection
EndGlobal
