
Microsoft Visual Studio Solution File, Format Version 12.00
# Visual Studio Version 16
VisualStudioVersion = 16.0.28621.142
MinimumVisualStudioVersion = 10.0.40219.1
Project("{FAE04EC0-301F-11D3-BF4B-00C04F79EFBC}") = "Quartz.Net", "Quartz.Net\Quartz.Net.csproj", "{74A6472E-AD5D-4808-AD2F-3899E6BB6026}"
EndProject
Project("{2150E333-8FDC-42A3-9474-1A3956D46DE8}") = "代码", "代码", "{FDFA2BEF-482F-4A2A-8DCD-A5628EB48C8A}"
EndProject
Project("{FAE04EC0-301F-11D3-BF4B-00C04F79EFBC}") = "Code", "Code\Code.csproj", "{1DDB4344-F7E2-4040-90D9-1CB69D2A0FBC}"
EndProject
Project("{FAE04EC0-301F-11D3-BF4B-00C04F79EFBC}") = "TopShelf", "TopShelf\TopShelf.csproj", "{E7ED7193-58AE-483E-97D2-E69C32D18065}"
EndProject
Project("{FAE04EC0-301F-11D3-BF4B-00C04F79EFBC}") = "Swagger", "Swagger\Swagger.csproj", "{7BCBBD6E-BE82-4CBB-B462-DE77A8945113}"
EndProject
Project("{2150E333-8FDC-42A3-9474-1A3956D46DE8}") = "Core", "Core", "{D90A86F4-B888-4846-84FC-A113E9F5CAD9}"
EndProject
Project("{9A19103F-16F7-4668-BE54-9A1E7A4F7556}") = "Core.MVC", "Core.MVC\Core.MVC.csproj", "{73A6DC8E-8E27-41FA-8C8C-FC63D7B28777}"
EndProject
Project("{FAE04EC0-301F-11D3-BF4B-00C04F79EFBC}") = "Test", "Test\Test.csproj", "{707F21B3-B758-4446-BCDD-62331E644FF3}"
EndProject
Project("{2150E333-8FDC-42A3-9474-1A3956D46DE8}") = "IdentityServer4", "IdentityServer4", "{54E05E90-4CDF-43F3-AA83-C5EB94CF1F6D}"
EndProject
Project("{9A19103F-16F7-4668-BE54-9A1E7A4F7556}") = "ConsoleClient", "ConsoleClient\ConsoleClient.csproj", "{99F94DFE-246D-4F79-8C23-EDB1BC892C83}"
EndProject
Project("{9A19103F-16F7-4668-BE54-9A1E7A4F7556}") = "CoreMVCAuthorizationCode", "CoreMVCAuthorizationCode\CoreMVCAuthorizationCode.csproj", "{E0BEF8B2-46E1-4CEB-B6F3-DC36FBFC5E83}"
EndProject
Project("{9A19103F-16F7-4668-BE54-9A1E7A4F7556}") = "CoreWebAPI", "CoreWebAPI\CoreWebAPI.csproj", "{233871E1-0262-48C3-A653-DAEB886F37AE}"
EndProject
Project("{2150E333-8FDC-42A3-9474-1A3956D46DE8}") = "项目", "项目", "{03168D8A-9F4D-48F8-BCF9-2D678EE44A95}"
EndProject
Project("{FAE04EC0-301F-11D3-BF4B-00C04F79EFBC}") = "CompanyTest", "CompanyTest\CompanyTest.csproj", "{35B0862F-567A-43FE-B06A-B3A4247D7371}"
EndProject
Project("{2150E333-8FDC-42A3-9474-1A3956D46DE8}") = "Vue", "Vue", "{E28AB211-0B67-4C41-8A52-F9BCA63539CE}"
EndProject
Project("{2150E333-8FDC-42A3-9474-1A3956D46DE8}") = "Feature1", "Feature1", "{0C0CC770-1677-456F-A484-F252743B699A}"
	ProjectSection(SolutionItems) = preProject
		index.html = index.html
	EndProjectSection
EndProject
Global
	GlobalSection(SolutionConfigurationPlatforms) = preSolution
		Debug|Any CPU = Debug|Any CPU
		Release|Any CPU = Release|Any CPU
	EndGlobalSection
	GlobalSection(ProjectConfigurationPlatforms) = postSolution
		{74A6472E-AD5D-4808-AD2F-3899E6BB6026}.Debug|Any CPU.ActiveCfg = Debug|Any CPU
		{74A6472E-AD5D-4808-AD2F-3899E6BB6026}.Debug|Any CPU.Build.0 = Debug|Any CPU
		{74A6472E-AD5D-4808-AD2F-3899E6BB6026}.Release|Any CPU.ActiveCfg = Release|Any CPU
		{74A6472E-AD5D-4808-AD2F-3899E6BB6026}.Release|Any CPU.Build.0 = Release|Any CPU
		{1DDB4344-F7E2-4040-90D9-1CB69D2A0FBC}.Debug|Any CPU.ActiveCfg = Debug|Any CPU
		{1DDB4344-F7E2-4040-90D9-1CB69D2A0FBC}.Debug|Any CPU.Build.0 = Debug|Any CPU
		{1DDB4344-F7E2-4040-90D9-1CB69D2A0FBC}.Release|Any CPU.ActiveCfg = Release|Any CPU
		{1DDB4344-F7E2-4040-90D9-1CB69D2A0FBC}.Release|Any CPU.Build.0 = Release|Any CPU
		{E7ED7193-58AE-483E-97D2-E69C32D18065}.Debug|Any CPU.ActiveCfg = Debug|Any CPU
		{E7ED7193-58AE-483E-97D2-E69C32D18065}.Debug|Any CPU.Build.0 = Debug|Any CPU
		{E7ED7193-58AE-483E-97D2-E69C32D18065}.Release|Any CPU.ActiveCfg = Release|Any CPU
		{E7ED7193-58AE-483E-97D2-E69C32D18065}.Release|Any CPU.Build.0 = Release|Any CPU
		{7BCBBD6E-BE82-4CBB-B462-DE77A8945113}.Debug|Any CPU.ActiveCfg = Debug|Any CPU
		{7BCBBD6E-BE82-4CBB-B462-DE77A8945113}.Debug|Any CPU.Build.0 = Debug|Any CPU
		{7BCBBD6E-BE82-4CBB-B462-DE77A8945113}.Release|Any CPU.ActiveCfg = Release|Any CPU
		{7BCBBD6E-BE82-4CBB-B462-DE77A8945113}.Release|Any CPU.Build.0 = Release|Any CPU
		{73A6DC8E-8E27-41FA-8C8C-FC63D7B28777}.Debug|Any CPU.ActiveCfg = Debug|Any CPU
		{73A6DC8E-8E27-41FA-8C8C-FC63D7B28777}.Debug|Any CPU.Build.0 = Debug|Any CPU
		{73A6DC8E-8E27-41FA-8C8C-FC63D7B28777}.Release|Any CPU.ActiveCfg = Release|Any CPU
		{73A6DC8E-8E27-41FA-8C8C-FC63D7B28777}.Release|Any CPU.Build.0 = Release|Any CPU
		{707F21B3-B758-4446-BCDD-62331E644FF3}.Debug|Any CPU.ActiveCfg = Debug|Any CPU
		{707F21B3-B758-4446-BCDD-62331E644FF3}.Debug|Any CPU.Build.0 = Debug|Any CPU
		{707F21B3-B758-4446-BCDD-62331E644FF3}.Release|Any CPU.ActiveCfg = Release|Any CPU
		{707F21B3-B758-4446-BCDD-62331E644FF3}.Release|Any CPU.Build.0 = Release|Any CPU
		{99F94DFE-246D-4F79-8C23-EDB1BC892C83}.Debug|Any CPU.ActiveCfg = Debug|Any CPU
		{99F94DFE-246D-4F79-8C23-EDB1BC892C83}.Debug|Any CPU.Build.0 = Debug|Any CPU
		{99F94DFE-246D-4F79-8C23-EDB1BC892C83}.Release|Any CPU.ActiveCfg = Release|Any CPU
		{99F94DFE-246D-4F79-8C23-EDB1BC892C83}.Release|Any CPU.Build.0 = Release|Any CPU
		{E0BEF8B2-46E1-4CEB-B6F3-DC36FBFC5E83}.Debug|Any CPU.ActiveCfg = Debug|Any CPU
		{E0BEF8B2-46E1-4CEB-B6F3-DC36FBFC5E83}.Debug|Any CPU.Build.0 = Debug|Any CPU
		{E0BEF8B2-46E1-4CEB-B6F3-DC36FBFC5E83}.Release|Any CPU.ActiveCfg = Release|Any CPU
		{E0BEF8B2-46E1-4CEB-B6F3-DC36FBFC5E83}.Release|Any CPU.Build.0 = Release|Any CPU
		{233871E1-0262-48C3-A653-DAEB886F37AE}.Debug|Any CPU.ActiveCfg = Debug|Any CPU
		{233871E1-0262-48C3-A653-DAEB886F37AE}.Debug|Any CPU.Build.0 = Debug|Any CPU
		{233871E1-0262-48C3-A653-DAEB886F37AE}.Release|Any CPU.ActiveCfg = Release|Any CPU
		{233871E1-0262-48C3-A653-DAEB886F37AE}.Release|Any CPU.Build.0 = Release|Any CPU
		{35B0862F-567A-43FE-B06A-B3A4247D7371}.Debug|Any CPU.ActiveCfg = Debug|Any CPU
		{35B0862F-567A-43FE-B06A-B3A4247D7371}.Debug|Any CPU.Build.0 = Debug|Any CPU
		{35B0862F-567A-43FE-B06A-B3A4247D7371}.Release|Any CPU.ActiveCfg = Release|Any CPU
		{35B0862F-567A-43FE-B06A-B3A4247D7371}.Release|Any CPU.Build.0 = Release|Any CPU
	EndGlobalSection
	GlobalSection(SolutionProperties) = preSolution
		HideSolutionNode = FALSE
	EndGlobalSection
	GlobalSection(NestedProjects) = preSolution
		{1DDB4344-F7E2-4040-90D9-1CB69D2A0FBC} = {FDFA2BEF-482F-4A2A-8DCD-A5628EB48C8A}
		{73A6DC8E-8E27-41FA-8C8C-FC63D7B28777} = {D90A86F4-B888-4846-84FC-A113E9F5CAD9}
		{99F94DFE-246D-4F79-8C23-EDB1BC892C83} = {54E05E90-4CDF-43F3-AA83-C5EB94CF1F6D}
		{E0BEF8B2-46E1-4CEB-B6F3-DC36FBFC5E83} = {54E05E90-4CDF-43F3-AA83-C5EB94CF1F6D}
		{233871E1-0262-48C3-A653-DAEB886F37AE} = {D90A86F4-B888-4846-84FC-A113E9F5CAD9}
		{35B0862F-567A-43FE-B06A-B3A4247D7371} = {03168D8A-9F4D-48F8-BCF9-2D678EE44A95}
		{0C0CC770-1677-456F-A484-F252743B699A} = {E28AB211-0B67-4C41-8A52-F9BCA63539CE}
	EndGlobalSection
	GlobalSection(ExtensibilityGlobals) = postSolution
		SolutionGuid = {E40DE67C-F2EA-48A2-81F5-414833509837}
	EndGlobalSection
EndGlobal
